
Microsoft Visual Studio Solution File, Format Version 12.00
# Visual Studio 15
VisualStudioVersion = 15.0.26206.0
MinimumVisualStudioVersion = 10.0.40219.1
Project("{2150E333-8FDC-42A3-9474-1A3956D46DE8}") = "core", "core", "{C200964C-B555-4D00-9E0F-297BA4BEF050}"
EndProject
Project("{2150E333-8FDC-42A3-9474-1A3956D46DE8}") = "host", "host", "{00468FD0-A6FB-4881-873B-1B1DC02025E5}"
EndProject
Project("{2150E333-8FDC-42A3-9474-1A3956D46DE8}") = "config", "config", "{AD9F8A57-9E25-4663-8B21-934D425E9150}"
EndProject
Project("{FAE04EC0-301F-11D3-BF4B-00C04F79EFBC}") = "Laserlab.Config", "Laserlab.Config\Laserlab.Config.csproj", "{0C528663-915B-4991-9C78-EB8823C17229}"
EndProject
Project("{FAE04EC0-301F-11D3-BF4B-00C04F79EFBC}") = "Laserlab.Host", "Laserlab.Host\Laserlab.Host.csproj", "{BE00C3F8-EF3C-430F-97B8-64F641916D1F}"
EndProject
Project("{9A19103F-16F7-4668-BE54-9A1E7A4F7556}") = "Abstraction.Core", "Abstraction.Core\Abstraction.Core.csproj", "{2F6978EA-BD03-4E81-BF16-E2DF69662DE7}"
EndProject
Project("{2150E333-8FDC-42A3-9474-1A3956D46DE8}") = "ui", "ui", "{D86B392B-B0AE-4E90-813B-A7221F89699F}"
EndProject
Project("{9A19103F-16F7-4668-BE54-9A1E7A4F7556}") = "Abstraction.Laserlab", "Abstraction.Laserlab\Abstraction.Laserlab.csproj", "{E5894B2A-32B4-467A-8DFC-F717FF1A896A}"
EndProject
Project("{2150E333-8FDC-42A3-9474-1A3956D46DE8}") = "abstraction", "abstraction", "{186CC432-CDAE-4D52-851E-2E7530278B97}"
EndProject
Project("{2150E333-8FDC-42A3-9474-1A3956D46DE8}") = "utility", "utility", "{C79E0480-999E-4713-89FF-6D33F884E1F4}"
EndProject
Project("{9A19103F-16F7-4668-BE54-9A1E7A4F7556}") = "Laserlab.Utility", "Laserlab.Utility\Laserlab.Utility.csproj", "{3F291F82-84D1-4F19-AB97-2EECC0CDC145}"
EndProject
Project("{FAE04EC0-301F-11D3-BF4B-00C04F79EFBC}") = "Laserlab.Test.Console", "Laserlab.Test.Console\Laserlab.Test.Console.csproj", "{FE81230E-E97F-497F-BF0A-CCAEFAA8EE1A}"
EndProject
Project("{FAE04EC0-301F-11D3-BF4B-00C04F79EFBC}") = "Laserlab.DTO", "Laserlab.DTO\Laserlab.DTO.csproj", "{231D4550-0762-4994-BCDC-3CC0A86D1186}"
EndProject
Project("{FAE04EC0-301F-11D3-BF4B-00C04F79EFBC}") = "Laserlab.Mapper", "Laserlab.Mapper\Laserlab.Mapper.csproj", "{CE6D5A55-F15B-401E-AF03-7401C1BC5788}"
EndProject
Project("{FAE04EC0-301F-11D3-BF4B-00C04F79EFBC}") = "Laserlab.Service", "Laserlab.Service\Laserlab.Service.csproj", "{E0796B84-E706-4979-A15F-051C8DD9AF28}"
EndProject
Project("{FAE04EC0-301F-11D3-BF4B-00C04F79EFBC}") = "www.laserlab.itu.edu.tr", "www.laserlab.itu.edu.tr\www.laserlab.itu.edu.tr.csproj", "{B06E98FB-5EA6-4D76-A3F7-A9338B13438D}"
EndProject
Project("{FAE04EC0-301F-11D3-BF4B-00C04F79EFBC}") = "Laserlab.Data.Access", "Laserlab.Data.Access\Laserlab.Data.Access.csproj", "{C25E8124-E81B-49BD-9690-DBEF42D85764}"
EndProject
Project("{FAE04EC0-301F-11D3-BF4B-00C04F79EFBC}") = "Laserlab.Model", "Laserlab.Model\Laserlab.Model.csproj", "{B6CB1C92-557E-4230-8D9A-933C3227B4A6}"
EndProject
Global
	GlobalSection(SolutionConfigurationPlatforms) = preSolution
		Debug|Any CPU = Debug|Any CPU
		Debug|x64 = Debug|x64
		Debug|x86 = Debug|x86
		Release|Any CPU = Release|Any CPU
		Release|x64 = Release|x64
		Release|x86 = Release|x86
	EndGlobalSection
	GlobalSection(ProjectConfigurationPlatforms) = postSolution
		{0C528663-915B-4991-9C78-EB8823C17229}.Debug|Any CPU.ActiveCfg = Debug|Any CPU
		{0C528663-915B-4991-9C78-EB8823C17229}.Debug|Any CPU.Build.0 = Debug|Any CPU
		{0C528663-915B-4991-9C78-EB8823C17229}.Debug|x64.ActiveCfg = Debug|Any CPU
		{0C528663-915B-4991-9C78-EB8823C17229}.Debug|x64.Build.0 = Debug|Any CPU
		{0C528663-915B-4991-9C78-EB8823C17229}.Debug|x86.ActiveCfg = Debug|Any CPU
		{0C528663-915B-4991-9C78-EB8823C17229}.Debug|x86.Build.0 = Debug|Any CPU
		{0C528663-915B-4991-9C78-EB8823C17229}.Release|Any CPU.ActiveCfg = Release|Any CPU
		{0C528663-915B-4991-9C78-EB8823C17229}.Release|Any CPU.Build.0 = Release|Any CPU
		{0C528663-915B-4991-9C78-EB8823C17229}.Release|x64.ActiveCfg = Release|Any CPU
		{0C528663-915B-4991-9C78-EB8823C17229}.Release|x64.Build.0 = Release|Any CPU
		{0C528663-915B-4991-9C78-EB8823C17229}.Release|x86.ActiveCfg = Release|Any CPU
		{0C528663-915B-4991-9C78-EB8823C17229}.Release|x86.Build.0 = Release|Any CPU
		{BE00C3F8-EF3C-430F-97B8-64F641916D1F}.Debug|Any CPU.ActiveCfg = Debug|Any CPU
		{BE00C3F8-EF3C-430F-97B8-64F641916D1F}.Debug|Any CPU.Build.0 = Debug|Any CPU
		{BE00C3F8-EF3C-430F-97B8-64F641916D1F}.Debug|x64.ActiveCfg = Debug|Any CPU
		{BE00C3F8-EF3C-430F-97B8-64F641916D1F}.Debug|x64.Build.0 = Debug|Any CPU
		{BE00C3F8-EF3C-430F-97B8-64F641916D1F}.Debug|x86.ActiveCfg = Debug|Any CPU
		{BE00C3F8-EF3C-430F-97B8-64F641916D1F}.Debug|x86.Build.0 = Debug|Any CPU
		{BE00C3F8-EF3C-430F-97B8-64F641916D1F}.Release|Any CPU.ActiveCfg = Release|Any CPU
		{BE00C3F8-EF3C-430F-97B8-64F641916D1F}.Release|Any CPU.Build.0 = Release|Any CPU
		{BE00C3F8-EF3C-430F-97B8-64F641916D1F}.Release|x64.ActiveCfg = Release|Any CPU
		{BE00C3F8-EF3C-430F-97B8-64F641916D1F}.Release|x64.Build.0 = Release|Any CPU
		{BE00C3F8-EF3C-430F-97B8-64F641916D1F}.Release|x86.ActiveCfg = Release|Any CPU
		{BE00C3F8-EF3C-430F-97B8-64F641916D1F}.Release|x86.Build.0 = Release|Any CPU
		{2F6978EA-BD03-4E81-BF16-E2DF69662DE7}.Debug|Any CPU.ActiveCfg = Debug|Any CPU
		{2F6978EA-BD03-4E81-BF16-E2DF69662DE7}.Debug|Any CPU.Build.0 = Debug|Any CPU
		{2F6978EA-BD03-4E81-BF16-E2DF69662DE7}.Debug|x64.ActiveCfg = Debug|x64
		{2F6978EA-BD03-4E81-BF16-E2DF69662DE7}.Debug|x64.Build.0 = Debug|x64
		{2F6978EA-BD03-4E81-BF16-E2DF69662DE7}.Debug|x86.ActiveCfg = Debug|x86
		{2F6978EA-BD03-4E81-BF16-E2DF69662DE7}.Debug|x86.Build.0 = Debug|x86
		{2F6978EA-BD03-4E81-BF16-E2DF69662DE7}.Release|Any CPU.ActiveCfg = Release|Any CPU
		{2F6978EA-BD03-4E81-BF16-E2DF69662DE7}.Release|Any CPU.Build.0 = Release|Any CPU
		{2F6978EA-BD03-4E81-BF16-E2DF69662DE7}.Release|x64.ActiveCfg = Release|x64
		{2F6978EA-BD03-4E81-BF16-E2DF69662DE7}.Release|x64.Build.0 = Release|x64
		{2F6978EA-BD03-4E81-BF16-E2DF69662DE7}.Release|x86.ActiveCfg = Release|x86
		{2F6978EA-BD03-4E81-BF16-E2DF69662DE7}.Release|x86.Build.0 = Release|x86
		{E5894B2A-32B4-467A-8DFC-F717FF1A896A}.Debug|Any CPU.ActiveCfg = Debug|Any CPU
		{E5894B2A-32B4-467A-8DFC-F717FF1A896A}.Debug|Any CPU.Build.0 = Debug|Any CPU
		{E5894B2A-32B4-467A-8DFC-F717FF1A896A}.Debug|x64.ActiveCfg = Debug|x64
		{E5894B2A-32B4-467A-8DFC-F717FF1A896A}.Debug|x64.Build.0 = Debug|x64
		{E5894B2A-32B4-467A-8DFC-F717FF1A896A}.Debug|x86.ActiveCfg = Debug|x86
		{E5894B2A-32B4-467A-8DFC-F717FF1A896A}.Debug|x86.Build.0 = Debug|x86
		{E5894B2A-32B4-467A-8DFC-F717FF1A896A}.Release|Any CPU.ActiveCfg = Release|Any CPU
		{E5894B2A-32B4-467A-8DFC-F717FF1A896A}.Release|Any CPU.Build.0 = Release|Any CPU
		{E5894B2A-32B4-467A-8DFC-F717FF1A896A}.Release|x64.ActiveCfg = Release|x64
		{E5894B2A-32B4-467A-8DFC-F717FF1A896A}.Release|x64.Build.0 = Release|x64
		{E5894B2A-32B4-467A-8DFC-F717FF1A896A}.Release|x86.ActiveCfg = Release|x86
		{E5894B2A-32B4-467A-8DFC-F717FF1A896A}.Release|x86.Build.0 = Release|x86
		{3F291F82-84D1-4F19-AB97-2EECC0CDC145}.Debug|Any CPU.ActiveCfg = Debug|Any CPU
		{3F291F82-84D1-4F19-AB97-2EECC0CDC145}.Debug|Any CPU.Build.0 = Debug|Any CPU
		{3F291F82-84D1-4F19-AB97-2EECC0CDC145}.Debug|x64.ActiveCfg = Debug|x64
		{3F291F82-84D1-4F19-AB97-2EECC0CDC145}.Debug|x64.Build.0 = Debug|x64
		{3F291F82-84D1-4F19-AB97-2EECC0CDC145}.Debug|x86.ActiveCfg = Debug|x86
		{3F291F82-84D1-4F19-AB97-2EECC0CDC145}.Debug|x86.Build.0 = Debug|x86
		{3F291F82-84D1-4F19-AB97-2EECC0CDC145}.Release|Any CPU.ActiveCfg = Release|Any CPU
		{3F291F82-84D1-4F19-AB97-2EECC0CDC145}.Release|Any CPU.Build.0 = Release|Any CPU
		{3F291F82-84D1-4F19-AB97-2EECC0CDC145}.Release|x64.ActiveCfg = Release|x64
		{3F291F82-84D1-4F19-AB97-2EECC0CDC145}.Release|x64.Build.0 = Release|x64
		{3F291F82-84D1-4F19-AB97-2EECC0CDC145}.Release|x86.ActiveCfg = Release|x86
		{3F291F82-84D1-4F19-AB97-2EECC0CDC145}.Release|x86.Build.0 = Release|x86
		{FE81230E-E97F-497F-BF0A-CCAEFAA8EE1A}.Debug|Any CPU.ActiveCfg = Debug|Any CPU
		{FE81230E-E97F-497F-BF0A-CCAEFAA8EE1A}.Debug|Any CPU.Build.0 = Debug|Any CPU
		{FE81230E-E97F-497F-BF0A-CCAEFAA8EE1A}.Debug|x64.ActiveCfg = Debug|Any CPU
		{FE81230E-E97F-497F-BF0A-CCAEFAA8EE1A}.Debug|x64.Build.0 = Debug|Any CPU
		{FE81230E-E97F-497F-BF0A-CCAEFAA8EE1A}.Debug|x86.ActiveCfg = Debug|Any CPU
		{FE81230E-E97F-497F-BF0A-CCAEFAA8EE1A}.Debug|x86.Build.0 = Debug|Any CPU
		{FE81230E-E97F-497F-BF0A-CCAEFAA8EE1A}.Release|Any CPU.ActiveCfg = Release|Any CPU
		{FE81230E-E97F-497F-BF0A-CCAEFAA8EE1A}.Release|Any CPU.Build.0 = Release|Any CPU
		{FE81230E-E97F-497F-BF0A-CCAEFAA8EE1A}.Release|x64.ActiveCfg = Release|Any CPU
		{FE81230E-E97F-497F-BF0A-CCAEFAA8EE1A}.Release|x64.Build.0 = Release|Any CPU
		{FE81230E-E97F-497F-BF0A-CCAEFAA8EE1A}.Release|x86.ActiveCfg = Release|Any CPU
		{FE81230E-E97F-497F-BF0A-CCAEFAA8EE1A}.Release|x86.Build.0 = Release|Any CPU
		{231D4550-0762-4994-BCDC-3CC0A86D1186}.Debug|Any CPU.ActiveCfg = Debug|Any CPU
		{231D4550-0762-4994-BCDC-3CC0A86D1186}.Debug|Any CPU.Build.0 = Debug|Any CPU
		{231D4550-0762-4994-BCDC-3CC0A86D1186}.Debug|x64.ActiveCfg = Debug|Any CPU
		{231D4550-0762-4994-BCDC-3CC0A86D1186}.Debug|x64.Build.0 = Debug|Any CPU
		{231D4550-0762-4994-BCDC-3CC0A86D1186}.Debug|x86.ActiveCfg = Debug|Any CPU
		{231D4550-0762-4994-BCDC-3CC0A86D1186}.Debug|x86.Build.0 = Debug|Any CPU
		{231D4550-0762-4994-BCDC-3CC0A86D1186}.Release|Any CPU.ActiveCfg = Release|Any CPU
		{231D4550-0762-4994-BCDC-3CC0A86D1186}.Release|Any CPU.Build.0 = Release|Any CPU
		{231D4550-0762-4994-BCDC-3CC0A86D1186}.Release|x64.ActiveCfg = Release|Any CPU
		{231D4550-0762-4994-BCDC-3CC0A86D1186}.Release|x64.Build.0 = Release|Any CPU
		{231D4550-0762-4994-BCDC-3CC0A86D1186}.Release|x86.ActiveCfg = Release|Any CPU
		{231D4550-0762-4994-BCDC-3CC0A86D1186}.Release|x86.Build.0 = Release|Any CPU
		{CE6D5A55-F15B-401E-AF03-7401C1BC5788}.Debug|Any CPU.ActiveCfg = Debug|Any CPU
		{CE6D5A55-F15B-401E-AF03-7401C1BC5788}.Debug|Any CPU.Build.0 = Debug|Any CPU
		{CE6D5A55-F15B-401E-AF03-7401C1BC5788}.Debug|x64.ActiveCfg = Debug|Any CPU
		{CE6D5A55-F15B-401E-AF03-7401C1BC5788}.Debug|x64.Build.0 = Debug|Any CPU
		{CE6D5A55-F15B-401E-AF03-7401C1BC5788}.Debug|x86.ActiveCfg = Debug|Any CPU
		{CE6D5A55-F15B-401E-AF03-7401C1BC5788}.Debug|x86.Build.0 = Debug|Any CPU
		{CE6D5A55-F15B-401E-AF03-7401C1BC5788}.Release|Any CPU.ActiveCfg = Release|Any CPU
		{CE6D5A55-F15B-401E-AF03-7401C1BC5788}.Release|Any CPU.Build.0 = Release|Any CPU
		{CE6D5A55-F15B-401E-AF03-7401C1BC5788}.Release|x64.ActiveCfg = Release|Any CPU
		{CE6D5A55-F15B-401E-AF03-7401C1BC5788}.Release|x64.Build.0 = Release|Any CPU
		{CE6D5A55-F15B-401E-AF03-7401C1BC5788}.Release|x86.ActiveCfg = Release|Any CPU
		{CE6D5A55-F15B-401E-AF03-7401C1BC5788}.Release|x86.Build.0 = Release|Any CPU
		{E0796B84-E706-4979-A15F-051C8DD9AF28}.Debug|Any CPU.ActiveCfg = Debug|Any CPU
		{E0796B84-E706-4979-A15F-051C8DD9AF28}.Debug|Any CPU.Build.0 = Debug|Any CPU
		{E0796B84-E706-4979-A15F-051C8DD9AF28}.Debug|x64.ActiveCfg = Debug|Any CPU
		{E0796B84-E706-4979-A15F-051C8DD9AF28}.Debug|x64.Build.0 = Debug|Any CPU
		{E0796B84-E706-4979-A15F-051C8DD9AF28}.Debug|x86.ActiveCfg = Debug|Any CPU
		{E0796B84-E706-4979-A15F-051C8DD9AF28}.Debug|x86.Build.0 = Debug|Any CPU
		{E0796B84-E706-4979-A15F-051C8DD9AF28}.Release|Any CPU.ActiveCfg = Release|Any CPU
		{E0796B84-E706-4979-A15F-051C8DD9AF28}.Release|Any CPU.Build.0 = Release|Any CPU
		{E0796B84-E706-4979-A15F-051C8DD9AF28}.Release|x64.ActiveCfg = Release|Any CPU
		{E0796B84-E706-4979-A15F-051C8DD9AF28}.Release|x64.Build.0 = Release|Any CPU
		{E0796B84-E706-4979-A15F-051C8DD9AF28}.Release|x86.ActiveCfg = Release|Any CPU
		{E0796B84-E706-4979-A15F-051C8DD9AF28}.Release|x86.Build.0 = Release|Any CPU
		{B06E98FB-5EA6-4D76-A3F7-A9338B13438D}.Debug|Any CPU.ActiveCfg = Debug|Any CPU
		{B06E98FB-5EA6-4D76-A3F7-A9338B13438D}.Debug|Any CPU.Build.0 = Debug|Any CPU
		{B06E98FB-5EA6-4D76-A3F7-A9338B13438D}.Debug|x64.ActiveCfg = Debug|Any CPU
		{B06E98FB-5EA6-4D76-A3F7-A9338B13438D}.Debug|x64.Build.0 = Debug|Any CPU
		{B06E98FB-5EA6-4D76-A3F7-A9338B13438D}.Debug|x86.ActiveCfg = Debug|Any CPU
		{B06E98FB-5EA6-4D76-A3F7-A9338B13438D}.Debug|x86.Build.0 = Debug|Any CPU
		{B06E98FB-5EA6-4D76-A3F7-A9338B13438D}.Release|Any CPU.ActiveCfg = Release|Any CPU
		{B06E98FB-5EA6-4D76-A3F7-A9338B13438D}.Release|Any CPU.Build.0 = Release|Any CPU
		{B06E98FB-5EA6-4D76-A3F7-A9338B13438D}.Release|x64.ActiveCfg = Release|Any CPU
		{B06E98FB-5EA6-4D76-A3F7-A9338B13438D}.Release|x64.Build.0 = Release|Any CPU
		{B06E98FB-5EA6-4D76-A3F7-A9338B13438D}.Release|x86.ActiveCfg = Release|Any CPU
		{B06E98FB-5EA6-4D76-A3F7-A9338B13438D}.Release|x86.Build.0 = Release|Any CPU
		{C25E8124-E81B-49BD-9690-DBEF42D85764}.Debug|Any CPU.ActiveCfg = Debug|Any CPU
		{C25E8124-E81B-49BD-9690-DBEF42D85764}.Debug|Any CPU.Build.0 = Debug|Any CPU
		{C25E8124-E81B-49BD-9690-DBEF42D85764}.Debug|x64.ActiveCfg = Debug|Any CPU
		{C25E8124-E81B-49BD-9690-DBEF42D85764}.Debug|x64.Build.0 = Debug|Any CPU
		{C25E8124-E81B-49BD-9690-DBEF42D85764}.Debug|x86.ActiveCfg = Debug|Any CPU
		{C25E8124-E81B-49BD-9690-DBEF42D85764}.Debug|x86.Build.0 = Debug|Any CPU
		{C25E8124-E81B-49BD-9690-DBEF42D85764}.Release|Any CPU.ActiveCfg = Release|Any CPU
		{C25E8124-E81B-49BD-9690-DBEF42D85764}.Release|Any CPU.Build.0 = Release|Any CPU
		{C25E8124-E81B-49BD-9690-DBEF42D85764}.Release|x64.ActiveCfg = Release|Any CPU
		{C25E8124-E81B-49BD-9690-DBEF42D85764}.Release|x64.Build.0 = Release|Any CPU
		{C25E8124-E81B-49BD-9690-DBEF42D85764}.Release|x86.ActiveCfg = Release|Any CPU
		{C25E8124-E81B-49BD-9690-DBEF42D85764}.Release|x86.Build.0 = Release|Any CPU
		{B6CB1C92-557E-4230-8D9A-933C3227B4A6}.Debug|Any CPU.ActiveCfg = Debug|Any CPU
		{B6CB1C92-557E-4230-8D9A-933C3227B4A6}.Debug|Any CPU.Build.0 = Debug|Any CPU
		{B6CB1C92-557E-4230-8D9A-933C3227B4A6}.Debug|x64.ActiveCfg = Debug|Any CPU
		{B6CB1C92-557E-4230-8D9A-933C3227B4A6}.Debug|x64.Build.0 = Debug|Any CPU
		{B6CB1C92-557E-4230-8D9A-933C3227B4A6}.Debug|x86.ActiveCfg = Debug|Any CPU
		{B6CB1C92-557E-4230-8D9A-933C3227B4A6}.Debug|x86.Build.0 = Debug|Any CPU
		{B6CB1C92-557E-4230-8D9A-933C3227B4A6}.Release|Any CPU.ActiveCfg = Release|Any CPU
		{B6CB1C92-557E-4230-8D9A-933C3227B4A6}.Release|Any CPU.Build.0 = Release|Any CPU
		{B6CB1C92-557E-4230-8D9A-933C3227B4A6}.Release|x64.ActiveCfg = Release|Any CPU
		{B6CB1C92-557E-4230-8D9A-933C3227B4A6}.Release|x64.Build.0 = Release|Any CPU
		{B6CB1C92-557E-4230-8D9A-933C3227B4A6}.Release|x86.ActiveCfg = Release|Any CPU
		{B6CB1C92-557E-4230-8D9A-933C3227B4A6}.Release|x86.Build.0 = Release|Any CPU
	EndGlobalSection
	GlobalSection(SolutionProperties) = preSolution
		HideSolutionNode = FALSE
	EndGlobalSection
	GlobalSection(NestedProjects) = preSolution
		{0C528663-915B-4991-9C78-EB8823C17229} = {AD9F8A57-9E25-4663-8B21-934D425E9150}
		{BE00C3F8-EF3C-430F-97B8-64F641916D1F} = {00468FD0-A6FB-4881-873B-1B1DC02025E5}
		{2F6978EA-BD03-4E81-BF16-E2DF69662DE7} = {186CC432-CDAE-4D52-851E-2E7530278B97}
		{E5894B2A-32B4-467A-8DFC-F717FF1A896A} = {186CC432-CDAE-4D52-851E-2E7530278B97}
		{3F291F82-84D1-4F19-AB97-2EECC0CDC145} = {C79E0480-999E-4713-89FF-6D33F884E1F4}
		{FE81230E-E97F-497F-BF0A-CCAEFAA8EE1A} = {D86B392B-B0AE-4E90-813B-A7221F89699F}
		{231D4550-0762-4994-BCDC-3CC0A86D1186} = {C200964C-B555-4D00-9E0F-297BA4BEF050}
		{CE6D5A55-F15B-401E-AF03-7401C1BC5788} = {C200964C-B555-4D00-9E0F-297BA4BEF050}
		{E0796B84-E706-4979-A15F-051C8DD9AF28} = {C200964C-B555-4D00-9E0F-297BA4BEF050}
		{B06E98FB-5EA6-4D76-A3F7-A9338B13438D} = {D86B392B-B0AE-4E90-813B-A7221F89699F}
		{C25E8124-E81B-49BD-9690-DBEF42D85764} = {C200964C-B555-4D00-9E0F-297BA4BEF050}
		{B6CB1C92-557E-4230-8D9A-933C3227B4A6} = {C200964C-B555-4D00-9E0F-297BA4BEF050}
	EndGlobalSection
EndGlobal
