
Microsoft Visual Studio Solution File, Format Version 12.00
# Visual Studio 15
VisualStudioVersion = 15.0.26206.0
MinimumVisualStudioVersion = 10.0.40219.1
Project("{2150E333-8FDC-42A3-9474-1A3956D46DE8}") = "core", "core", "{C200964C-B555-4D00-9E0F-297BA4BEF050}"
EndProject
Project("{2150E333-8FDC-42A3-9474-1A3956D46DE8}") = "host", "host", "{00468FD0-A6FB-4881-873B-1B1DC02025E5}"
EndProject
Project("{2150E333-8FDC-42A3-9474-1A3956D46DE8}") = "config", "config", "{AD9F8A57-9E25-4663-8B21-934D425E9150}"
EndProject
Project("{FAE04EC0-301F-11D3-BF4B-00C04F79EFBC}") = "Laserlab.Config", "Laserlab.Config\Laserlab.Config.csproj", "{0C528663-915B-4991-9C78-EB8823C17229}"
EndProject
Project("{FAE04EC0-301F-11D3-BF4B-00C04F79EFBC}") = "Laserlab.Host", "Laserlab.Host\Laserlab.Host.csproj", "{BE00C3F8-EF3C-430F-97B8-64F641916D1F}"
EndProject
Project("{9A19103F-16F7-4668-BE54-9A1E7A4F7556}") = "Abstraction.Core", "Abstraction.Core\Abstraction.Core.csproj", "{2F6978EA-BD03-4E81-BF16-E2DF69662DE7}"
EndProject
Project("{9A19103F-16F7-4668-BE54-9A1E7A4F7556}") = "Laserlab.DataAccess", "Laserlab.DataAccess\Laserlab.DataAccess.csproj", "{05C95BB0-49B2-435F-8CB7-4CB719658813}"
EndProject
Project("{2150E333-8FDC-42A3-9474-1A3956D46DE8}") = "ui", "ui", "{D86B392B-B0AE-4E90-813B-A7221F89699F}"
EndProject
Project("{9A19103F-16F7-4668-BE54-9A1E7A4F7556}") = "Abstraction.Laserlab", "Abstraction.Laserlab\Abstraction.Laserlab.csproj", "{E5894B2A-32B4-467A-8DFC-F717FF1A896A}"
EndProject
Project("{2150E333-8FDC-42A3-9474-1A3956D46DE8}") = "abstraction", "abstraction", "{186CC432-CDAE-4D52-851E-2E7530278B97}"
EndProject
Global
	GlobalSection(SolutionConfigurationPlatforms) = preSolution
		Debug|Any CPU = Debug|Any CPU
		Debug|x64 = Debug|x64
		Debug|x86 = Debug|x86
		Release|Any CPU = Release|Any CPU
		Release|x64 = Release|x64
		Release|x86 = Release|x86
	EndGlobalSection
	GlobalSection(ProjectConfigurationPlatforms) = postSolution
		{0C528663-915B-4991-9C78-EB8823C17229}.Debug|Any CPU.ActiveCfg = Debug|Any CPU
		{0C528663-915B-4991-9C78-EB8823C17229}.Debug|Any CPU.Build.0 = Debug|Any CPU
		{0C528663-915B-4991-9C78-EB8823C17229}.Debug|x64.ActiveCfg = Debug|Any CPU
		{0C528663-915B-4991-9C78-EB8823C17229}.Debug|x64.Build.0 = Debug|Any CPU
		{0C528663-915B-4991-9C78-EB8823C17229}.Debug|x86.ActiveCfg = Debug|Any CPU
		{0C528663-915B-4991-9C78-EB8823C17229}.Debug|x86.Build.0 = Debug|Any CPU
		{0C528663-915B-4991-9C78-EB8823C17229}.Release|Any CPU.ActiveCfg = Release|Any CPU
		{0C528663-915B-4991-9C78-EB8823C17229}.Release|Any CPU.Build.0 = Release|Any CPU
		{0C528663-915B-4991-9C78-EB8823C17229}.Release|x64.ActiveCfg = Release|Any CPU
		{0C528663-915B-4991-9C78-EB8823C17229}.Release|x64.Build.0 = Release|Any CPU
		{0C528663-915B-4991-9C78-EB8823C17229}.Release|x86.ActiveCfg = Release|Any CPU
		{0C528663-915B-4991-9C78-EB8823C17229}.Release|x86.Build.0 = Release|Any CPU
		{BE00C3F8-EF3C-430F-97B8-64F641916D1F}.Debug|Any CPU.ActiveCfg = Debug|Any CPU
		{BE00C3F8-EF3C-430F-97B8-64F641916D1F}.Debug|Any CPU.Build.0 = Debug|Any CPU
		{BE00C3F8-EF3C-430F-97B8-64F641916D1F}.Debug|x64.ActiveCfg = Debug|Any CPU
		{BE00C3F8-EF3C-430F-97B8-64F641916D1F}.Debug|x64.Build.0 = Debug|Any CPU
		{BE00C3F8-EF3C-430F-97B8-64F641916D1F}.Debug|x86.ActiveCfg = Debug|Any CPU
		{BE00C3F8-EF3C-430F-97B8-64F641916D1F}.Debug|x86.Build.0 = Debug|Any CPU
		{BE00C3F8-EF3C-430F-97B8-64F641916D1F}.Release|Any CPU.ActiveCfg = Release|Any CPU
		{BE00C3F8-EF3C-430F-97B8-64F641916D1F}.Release|Any CPU.Build.0 = Release|Any CPU
		{BE00C3F8-EF3C-430F-97B8-64F641916D1F}.Release|x64.ActiveCfg = Release|Any CPU
		{BE00C3F8-EF3C-430F-97B8-64F641916D1F}.Release|x64.Build.0 = Release|Any CPU
		{BE00C3F8-EF3C-430F-97B8-64F641916D1F}.Release|x86.ActiveCfg = Release|Any CPU
		{BE00C3F8-EF3C-430F-97B8-64F641916D1F}.Release|x86.Build.0 = Release|Any CPU
		{2F6978EA-BD03-4E81-BF16-E2DF69662DE7}.Debug|Any CPU.ActiveCfg = Debug|Any CPU
		{2F6978EA-BD03-4E81-BF16-E2DF69662DE7}.Debug|Any CPU.Build.0 = Debug|Any CPU
		{2F6978EA-BD03-4E81-BF16-E2DF69662DE7}.Debug|x64.ActiveCfg = Debug|x64
		{2F6978EA-BD03-4E81-BF16-E2DF69662DE7}.Debug|x64.Build.0 = Debug|x64
		{2F6978EA-BD03-4E81-BF16-E2DF69662DE7}.Debug|x86.ActiveCfg = Debug|x86
		{2F6978EA-BD03-4E81-BF16-E2DF69662DE7}.Debug|x86.Build.0 = Debug|x86
		{2F6978EA-BD03-4E81-BF16-E2DF69662DE7}.Release|Any CPU.ActiveCfg = Release|Any CPU
		{2F6978EA-BD03-4E81-BF16-E2DF69662DE7}.Release|Any CPU.Build.0 = Release|Any CPU
		{2F6978EA-BD03-4E81-BF16-E2DF69662DE7}.Release|x64.ActiveCfg = Release|x64
		{2F6978EA-BD03-4E81-BF16-E2DF69662DE7}.Release|x64.Build.0 = Release|x64
		{2F6978EA-BD03-4E81-BF16-E2DF69662DE7}.Release|x86.ActiveCfg = Release|x86
		{2F6978EA-BD03-4E81-BF16-E2DF69662DE7}.Release|x86.Build.0 = Release|x86
		{05C95BB0-49B2-435F-8CB7-4CB719658813}.Debug|Any CPU.ActiveCfg = Debug|Any CPU
		{05C95BB0-49B2-435F-8CB7-4CB719658813}.Debug|Any CPU.Build.0 = Debug|Any CPU
		{05C95BB0-49B2-435F-8CB7-4CB719658813}.Debug|x64.ActiveCfg = Debug|x64
		{05C95BB0-49B2-435F-8CB7-4CB719658813}.Debug|x64.Build.0 = Debug|x64
		{05C95BB0-49B2-435F-8CB7-4CB719658813}.Debug|x86.ActiveCfg = Debug|x86
		{05C95BB0-49B2-435F-8CB7-4CB719658813}.Debug|x86.Build.0 = Debug|x86
		{05C95BB0-49B2-435F-8CB7-4CB719658813}.Release|Any CPU.ActiveCfg = Release|Any CPU
		{05C95BB0-49B2-435F-8CB7-4CB719658813}.Release|Any CPU.Build.0 = Release|Any CPU
		{05C95BB0-49B2-435F-8CB7-4CB719658813}.Release|x64.ActiveCfg = Release|x64
		{05C95BB0-49B2-435F-8CB7-4CB719658813}.Release|x64.Build.0 = Release|x64
		{05C95BB0-49B2-435F-8CB7-4CB719658813}.Release|x86.ActiveCfg = Release|x86
		{05C95BB0-49B2-435F-8CB7-4CB719658813}.Release|x86.Build.0 = Release|x86
		{E5894B2A-32B4-467A-8DFC-F717FF1A896A}.Debug|Any CPU.ActiveCfg = Debug|Any CPU
		{E5894B2A-32B4-467A-8DFC-F717FF1A896A}.Debug|Any CPU.Build.0 = Debug|Any CPU
		{E5894B2A-32B4-467A-8DFC-F717FF1A896A}.Debug|x64.ActiveCfg = Debug|x64
		{E5894B2A-32B4-467A-8DFC-F717FF1A896A}.Debug|x64.Build.0 = Debug|x64
		{E5894B2A-32B4-467A-8DFC-F717FF1A896A}.Debug|x86.ActiveCfg = Debug|x86
		{E5894B2A-32B4-467A-8DFC-F717FF1A896A}.Debug|x86.Build.0 = Debug|x86
		{E5894B2A-32B4-467A-8DFC-F717FF1A896A}.Release|Any CPU.ActiveCfg = Release|Any CPU
		{E5894B2A-32B4-467A-8DFC-F717FF1A896A}.Release|Any CPU.Build.0 = Release|Any CPU
		{E5894B2A-32B4-467A-8DFC-F717FF1A896A}.Release|x64.ActiveCfg = Release|x64
		{E5894B2A-32B4-467A-8DFC-F717FF1A896A}.Release|x64.Build.0 = Release|x64
		{E5894B2A-32B4-467A-8DFC-F717FF1A896A}.Release|x86.ActiveCfg = Release|x86
		{E5894B2A-32B4-467A-8DFC-F717FF1A896A}.Release|x86.Build.0 = Release|x86
	EndGlobalSection
	GlobalSection(SolutionProperties) = preSolution
		HideSolutionNode = FALSE
	EndGlobalSection
	GlobalSection(NestedProjects) = preSolution
		{0C528663-915B-4991-9C78-EB8823C17229} = {AD9F8A57-9E25-4663-8B21-934D425E9150}
		{BE00C3F8-EF3C-430F-97B8-64F641916D1F} = {00468FD0-A6FB-4881-873B-1B1DC02025E5}
		{2F6978EA-BD03-4E81-BF16-E2DF69662DE7} = {186CC432-CDAE-4D52-851E-2E7530278B97}
		{05C95BB0-49B2-435F-8CB7-4CB719658813} = {C200964C-B555-4D00-9E0F-297BA4BEF050}
		{E5894B2A-32B4-467A-8DFC-F717FF1A896A} = {186CC432-CDAE-4D52-851E-2E7530278B97}
		{186CC432-CDAE-4D52-851E-2E7530278B97} = {AD9F8A57-9E25-4663-8B21-934D425E9150}
	EndGlobalSection
EndGlobal
